
Microsoft Visual Studio Solution File, Format Version 12.00
# Visual Studio Version 16
VisualStudioVersion = 16.0.31112.23
MinimumVisualStudioVersion = 10.0.40219.1
Project("{FAE04EC0-301F-11D3-BF4B-00C04F79EFBC}") = "Калькулятор", "Калькулятор.csproj", "{72E61157-8075-400A-9223-0CAF0D79E2B3}"
EndProject
Global
	GlobalSection(SolutionConfigurationPlatforms) = preSolution
		Debug|Any CPU = Debug|Any CPU
		Release|Any CPU = Release|Any CPU
	EndGlobalSection
	GlobalSection(ProjectConfigurationPlatforms) = postSolution
		{72E61157-8075-400A-9223-0CAF0D79E2B3}.Debug|Any CPU.ActiveCfg = Debug|Any CPU
		{72E61157-8075-400A-9223-0CAF0D79E2B3}.Debug|Any CPU.Build.0 = Debug|Any CPU
		{72E61157-8075-400A-9223-0CAF0D79E2B3}.Release|Any CPU.ActiveCfg = Release|Any CPU
		{72E61157-8075-400A-9223-0CAF0D79E2B3}.Release|Any CPU.Build.0 = Release|Any CPU
	EndGlobalSection
	GlobalSection(SolutionProperties) = preSolution
		HideSolutionNode = FALSE
	EndGlobalSection
	GlobalSection(ExtensibilityGlobals) = postSolution
		SolutionGuid = {09E6C9A1-FBBA-48D6-9899-B042D38D36A9}
	EndGlobalSection
EndGlobal
